
Microsoft Visual Studio Solution File, Format Version 12.00
# Visual Studio 2013
VisualStudioVersion = 12.0.21005.1
MinimumVisualStudioVersion = 10.0.40219.1
Project("{FAE04EC0-301F-11D3-BF4B-00C04F79EFBC}") = "AceWinforms", "AceWinforms.csproj", "{32316F89-A413-43A5-A88B-5AC031D957F8}"
EndProject
Project("{FAE04EC0-301F-11D3-BF4B-00C04F79EFBC}") = "Sample", "..\Sample\Sample.csproj", "{4052AEFC-E13E-4F17-B011-66CF12857549}"
EndProject
Global
	GlobalSection(SolutionConfigurationPlatforms) = preSolution
		Debug|Any CPU = Debug|Any CPU
		Release|Any CPU = Release|Any CPU
	EndGlobalSection
	GlobalSection(ProjectConfigurationPlatforms) = postSolution
		{32316F89-A413-43A5-A88B-5AC031D957F8}.Debug|Any CPU.ActiveCfg = Debug|Any CPU
		{32316F89-A413-43A5-A88B-5AC031D957F8}.Debug|Any CPU.Build.0 = Debug|Any CPU
		{32316F89-A413-43A5-A88B-5AC031D957F8}.Release|Any CPU.ActiveCfg = Release|Any CPU
		{32316F89-A413-43A5-A88B-5AC031D957F8}.Release|Any CPU.Build.0 = Release|Any CPU
		{4052AEFC-E13E-4F17-B011-66CF12857549}.Debug|Any CPU.ActiveCfg = Debug|Any CPU
		{4052AEFC-E13E-4F17-B011-66CF12857549}.Debug|Any CPU.Build.0 = Debug|Any CPU
		{4052AEFC-E13E-4F17-B011-66CF12857549}.Release|Any CPU.ActiveCfg = Release|Any CPU
		{4052AEFC-E13E-4F17-B011-66CF12857549}.Release|Any CPU.Build.0 = Release|Any CPU
	EndGlobalSection
	GlobalSection(SolutionProperties) = preSolution
		HideSolutionNode = FALSE
	EndGlobalSection
EndGlobal
